
Microsoft Visual Studio Solution File, Format Version 12.00
# Visual Studio Version 17
VisualStudioVersion = 17.4.33103.184
MinimumVisualStudioVersion = 10.0.40219.1
Project("{FAE04EC0-301F-11D3-BF4B-00C04F79EFBC}") = "E-Commerce", "E-Commerce\E-Commerce.csproj", "{754B2AA2-7D5A-458D-97AA-5950714CF90B}"
EndProject
Global
	GlobalSection(SolutionConfigurationPlatforms) = preSolution
		Debug|Any CPU = Debug|Any CPU
		Release|Any CPU = Release|Any CPU
	EndGlobalSection
	GlobalSection(ProjectConfigurationPlatforms) = postSolution
		{754B2AA2-7D5A-458D-97AA-5950714CF90B}.Debug|Any CPU.ActiveCfg = Debug|Any CPU
		{754B2AA2-7D5A-458D-97AA-5950714CF90B}.Debug|Any CPU.Build.0 = Debug|Any CPU
		{754B2AA2-7D5A-458D-97AA-5950714CF90B}.Release|Any CPU.ActiveCfg = Release|Any CPU
		{754B2AA2-7D5A-458D-97AA-5950714CF90B}.Release|Any CPU.Build.0 = Release|Any CPU
	EndGlobalSection
	GlobalSection(SolutionProperties) = preSolution
		HideSolutionNode = FALSE
	EndGlobalSection
	GlobalSection(ExtensibilityGlobals) = postSolution
		SolutionGuid = {525D1A40-52F7-4D59-B02A-3C14C66C20CB}
	EndGlobalSection
EndGlobal
